
Microsoft Visual Studio Solution File, Format Version 12.00
# Visual Studio Version 17
VisualStudioVersion = 17.14.36414.22 d17.14
MinimumVisualStudioVersion = 10.0.40219.1
Project("{FAE04EC0-301F-11D3-BF4B-00C04F79EFBC}") = "IKT_csapat", "IKT_csapat\IKT_csapat.csproj", "{D345CF21-1203-483C-A1A7-131D9C1673BB}"
EndProject
Global
	GlobalSection(SolutionConfigurationPlatforms) = preSolution
		Debug|Any CPU = Debug|Any CPU
		Release|Any CPU = Release|Any CPU
	EndGlobalSection
	GlobalSection(ProjectConfigurationPlatforms) = postSolution
		{D345CF21-1203-483C-A1A7-131D9C1673BB}.Debug|Any CPU.ActiveCfg = Debug|Any CPU
		{D345CF21-1203-483C-A1A7-131D9C1673BB}.Debug|Any CPU.Build.0 = Debug|Any CPU
		{D345CF21-1203-483C-A1A7-131D9C1673BB}.Release|Any CPU.ActiveCfg = Release|Any CPU
		{D345CF21-1203-483C-A1A7-131D9C1673BB}.Release|Any CPU.Build.0 = Release|Any CPU
	EndGlobalSection
	GlobalSection(SolutionProperties) = preSolution
		HideSolutionNode = FALSE
	EndGlobalSection
	GlobalSection(ExtensibilityGlobals) = postSolution
		SolutionGuid = {F688E563-FF8A-4258-8572-89017B70D7B6}
	EndGlobalSection
EndGlobal
